
Microsoft Visual Studio Solution File, Format Version 12.00
# Visual Studio 15
VisualStudioVersion = 15.0.28307.1800
MinimumVisualStudioVersion = 10.0.40219.1
Project("{8BC9CEB8-8B4A-11D0-8D11-00A0C91BC942}") = "publisher", "publisher\publisher.vcxproj", "{F9CC413B-418F-493E-83CD-77006168FCCA}"
	ProjectSection(ProjectDependencies) = postProject
		{E36F8676-0D0F-491D-AC4E-E97D43E02C22} = {E36F8676-0D0F-491D-AC4E-E97D43E02C22}
	EndProjectSection
EndProject
Project("{8BC9CEB8-8B4A-11D0-8D11-00A0C91BC942}") = "subscriber", "subscriber\subscriber.vcxproj", "{E36F8676-0D0F-491D-AC4E-E97D43E02C22}"
EndProject
Global
	GlobalSection(SolutionConfigurationPlatforms) = preSolution
		Debug|x64 = Debug|x64
		Debug|x86 = Debug|x86
		Release|x64 = Release|x64
		Release|x86 = Release|x86
	EndGlobalSection
	GlobalSection(ProjectConfigurationPlatforms) = postSolution
		{F9CC413B-418F-493E-83CD-77006168FCCA}.Debug|x64.ActiveCfg = Debug|x64
		{F9CC413B-418F-493E-83CD-77006168FCCA}.Debug|x64.Build.0 = Debug|x64
		{F9CC413B-418F-493E-83CD-77006168FCCA}.Debug|x86.ActiveCfg = Debug|Win32
		{F9CC413B-418F-493E-83CD-77006168FCCA}.Debug|x86.Build.0 = Debug|Win32
		{F9CC413B-418F-493E-83CD-77006168FCCA}.Release|x64.ActiveCfg = Debug|x64
		{F9CC413B-418F-493E-83CD-77006168FCCA}.Release|x64.Build.0 = Debug|x64
		{F9CC413B-418F-493E-83CD-77006168FCCA}.Release|x86.ActiveCfg = Release|Win32
		{F9CC413B-418F-493E-83CD-77006168FCCA}.Release|x86.Build.0 = Release|Win32
		{E36F8676-0D0F-491D-AC4E-E97D43E02C22}.Debug|x64.ActiveCfg = Debug|x64
		{E36F8676-0D0F-491D-AC4E-E97D43E02C22}.Debug|x64.Build.0 = Debug|x64
		{E36F8676-0D0F-491D-AC4E-E97D43E02C22}.Debug|x86.ActiveCfg = Debug|Win32
		{E36F8676-0D0F-491D-AC4E-E97D43E02C22}.Debug|x86.Build.0 = Debug|Win32
		{E36F8676-0D0F-491D-AC4E-E97D43E02C22}.Release|x64.ActiveCfg = Debug|x64
		{E36F8676-0D0F-491D-AC4E-E97D43E02C22}.Release|x64.Build.0 = Debug|x64
		{E36F8676-0D0F-491D-AC4E-E97D43E02C22}.Release|x86.ActiveCfg = Release|Win32
		{E36F8676-0D0F-491D-AC4E-E97D43E02C22}.Release|x86.Build.0 = Release|Win32
	EndGlobalSection
	GlobalSection(SolutionProperties) = preSolution
		HideSolutionNode = FALSE
	EndGlobalSection
	GlobalSection(ExtensibilityGlobals) = postSolution
		SolutionGuid = {CEB9CBB2-402A-4325-9CC2-5FF562E73C47}
	EndGlobalSection
EndGlobal
